
Microsoft Visual Studio Solution File, Format Version 12.00
# Visual Studio Version 17
VisualStudioVersion = 17.7.34221.43
MinimumVisualStudioVersion = 10.0.40219.1
Project("{FAE04EC0-301F-11D3-BF4B-00C04F79EFBC}") = "WinProxyUtil", "WinProxyUtil\WinProxyUtil.csproj", "{67B0FD12-6B65-4F0D-BB5E-B58BB90CAD9D}"
EndProject
Global
	GlobalSection(SolutionConfigurationPlatforms) = preSolution
		Debug|Any CPU = Debug|Any CPU
		Release|Any CPU = Release|Any CPU
	EndGlobalSection
	GlobalSection(ProjectConfigurationPlatforms) = postSolution
		{67B0FD12-6B65-4F0D-BB5E-B58BB90CAD9D}.Debug|Any CPU.ActiveCfg = Debug|Any CPU
		{67B0FD12-6B65-4F0D-BB5E-B58BB90CAD9D}.Debug|Any CPU.Build.0 = Debug|Any CPU
		{67B0FD12-6B65-4F0D-BB5E-B58BB90CAD9D}.Release|Any CPU.ActiveCfg = Release|Any CPU
		{67B0FD12-6B65-4F0D-BB5E-B58BB90CAD9D}.Release|Any CPU.Build.0 = Release|Any CPU
	EndGlobalSection
	GlobalSection(SolutionProperties) = preSolution
		HideSolutionNode = FALSE
	EndGlobalSection
	GlobalSection(ExtensibilityGlobals) = postSolution
		SolutionGuid = {84D5929E-C81C-42A5-BBF5-4AE34D9FBFD5}
	EndGlobalSection
EndGlobal
